{
  "version": 4,
  "terraform_version": "1.7.4",
  "serial": 1,
  "lineage": "9dff71fa-bd39-da02-dc4e-5a3393323607",
  "outputs": {},
  "resources": [
    {
      "mode": "managed",
      "type": "aws_vpc",
      "name": "vpc_virginia",
      "provider": "provider[\"registry.terraform.io/hashicorp/aws\"]",
      "instances": [
        {
          "schema_version": 1,
          "attributes": {
            "arn": "arn:aws:ec2:us-east-1:926664221711:vpc/vpc-04946110c70903225",
            "assign_generated_ipv6_cidr_block": false,
            "cidr_block": "10.10.0.0/16",
            "default_network_acl_id": "acl-09c6d671fd38fb5dc",
            "default_route_table_id": "rtb-054da99dd5630095c",
            "default_security_group_id": "sg-0ea6be98bada808da",
            "dhcp_options_id": "dopt-00858ee10d6fa1059",
            "enable_dns_hostnames": false,
            "enable_dns_support": true,
            "enable_network_address_usage_metrics": false,
            "id": "vpc-04946110c70903225",
            "instance_tenancy": "default",
            "ipv4_ipam_pool_id": null,
            "ipv4_netmask_length": null,
            "ipv6_association_id": "",
            "ipv6_cidr_block": "",
            "ipv6_cidr_block_network_border_group": "",
            "ipv6_ipam_pool_id": "",
            "ipv6_netmask_length": 0,
            "main_route_table_id": "rtb-054da99dd5630095c",
            "owner_id": "926664221711",
            "tags": {
              "Name": "VPC_VIRGINIA",
              "env": "Dev",
              "name": "prueba"
            },
            "tags_all": {
              "Name": "VPC_VIRGINIA",
              "env": "Dev",
              "name": "prueba"
            }
          },
          "sensitive_attributes": [],
          "private": "eyJzY2hlbWFfdmVyc2lvbiI6IjEifQ=="
        }
      ]
    }
  ],
  "check_results": null
}
